// !$*UTF8*$!
{
	archiveVersion = 1;
	classes = {
	};
	objectVersion = 56;
	objects = {

/* Begin PBXBuildFile section */
		3D0C1E782A83A79400AB3A48 /* VaultApp.swift in Sources */ = {isa = PBXBuildFile; fileRef = 3D0C1E772A83A79400AB3A48 /* VaultApp.swift */; };
		3D0C1E7A2A83A79400AB3A48 /* ContentView.swift in Sources */ = {isa = PBXBuildFile; fileRef = 3D0C1E792A83A79400AB3A48 /* ContentView.swift */; };
		3D0C1E7C2A83A79600AB3A48 /* Assets.xcassets in Resources */ = {isa = PBXBuildFile; fileRef = 3D0C1E7B2A83A79600AB3A48 /* Assets.xcassets */; };
		3D0C1E7F2A83A79600AB3A48 /* Preview Assets.xcassets in Resources */ = {isa = PBXBuildFile; fileRef = 3D0C1E7E2A83A79600AB3A48 /* Preview Assets.xcassets */; };
		3D0C1E862A83A87E00AB3A48 /* BiometryCheck.swift in Sources */ = {isa = PBXBuildFile; fileRef = 3D0C1E852A83A87D00AB3A48 /* BiometryCheck.swift */; };
		3D0C1E882A83A89F00AB3A48 /* CensoTheme.swift in Sources */ = {isa = PBXBuildFile; fileRef = 3D0C1E872A83A89F00AB3A48 /* CensoTheme.swift */; };
		3D0C1E8A2A83A8C400AB3A48 /* FilledButtonStyle.swift in Sources */ = {isa = PBXBuildFile; fileRef = 3D0C1E892A83A8C400AB3A48 /* FilledButtonStyle.swift */; };
		3D0C1E8C2A83A9EB00AB3A48 /* DeviceKey.swift in Sources */ = {isa = PBXBuildFile; fileRef = 3D0C1E8B2A83A9EB00AB3A48 /* DeviceKey.swift */; };
		3D0C1E8E2A83AA0B00AB3A48 /* SecureEnclaveWrapper.swift in Sources */ = {isa = PBXBuildFile; fileRef = 3D0C1E8D2A83AA0B00AB3A48 /* SecureEnclaveWrapper.swift */; };
		3D0C1E902A83AA3D00AB3A48 /* SecureEnclaveKey.swift in Sources */ = {isa = PBXBuildFile; fileRef = 3D0C1E8F2A83AA3D00AB3A48 /* SecureEnclaveKey.swift */; };
		3D0C1E922A83AA5C00AB3A48 /* Keychain.swift in Sources */ = {isa = PBXBuildFile; fileRef = 3D0C1E912A83AA5C00AB3A48 /* Keychain.swift */; };
		3D0C1E942A83AD4100AB3A48 /* InvalidatedDeviceKeyView.swift in Sources */ = {isa = PBXBuildFile; fileRef = 3D0C1E932A83AD4100AB3A48 /* InvalidatedDeviceKeyView.swift */; };
		3D0C1E962A83ADB300AB3A48 /* ActiveSessionView.swift in Sources */ = {isa = PBXBuildFile; fileRef = 3D0C1E952A83ADB300AB3A48 /* ActiveSessionView.swift */; };
		3D0C1E982A83B0AF00AB3A48 /* BiometryFailed.swift in Sources */ = {isa = PBXBuildFile; fileRef = 3D0C1E972A83B0AF00AB3A48 /* BiometryFailed.swift */; };
		3D0C1E9D2A83B53900AB3A48 /* Theme.xcassets in Resources */ = {isa = PBXBuildFile; fileRef = 3D0C1E9C2A83B53900AB3A48 /* Theme.xcassets */; };
		3D0C1E9F2A83B75E00AB3A48 /* PhraseList.swift in Sources */ = {isa = PBXBuildFile; fileRef = 3D0C1E9E2A83B75E00AB3A48 /* PhraseList.swift */; };
		3D0C1EA12A83BA4F00AB3A48 /* Keychain+Storage.swift in Sources */ = {isa = PBXBuildFile; fileRef = 3D0C1EA02A83BA4F00AB3A48 /* Keychain+Storage.swift */; };
		3D0C1EA32A83BBD900AB3A48 /* VaultStorage.swift in Sources */ = {isa = PBXBuildFile; fileRef = 3D0C1EA22A83BBD900AB3A48 /* VaultStorage.swift */; };
		3D0C1EA52A83BDB000AB3A48 /* NewPhrase.swift in Sources */ = {isa = PBXBuildFile; fileRef = 3D0C1EA42A83BDB000AB3A48 /* NewPhrase.swift */; };
		3D0C1EA82A83C1DC00AB3A48 /* BIP39 in Frameworks */ = {isa = PBXBuildFile; productRef = 3D0C1EA72A83C1DC00AB3A48 /* BIP39 */; };
		3D0C1EAA2A83D3FD00AB3A48 /* PhraseView.swift in Sources */ = {isa = PBXBuildFile; fileRef = 3D0C1EA92A83D3FD00AB3A48 /* PhraseView.swift */; };
		3D0C1EAD2A83DE1000AB3A48 /* Vault.swift in Sources */ = {isa = PBXBuildFile; fileRef = 3D0C1EAC2A83DE1000AB3A48 /* Vault.swift */; };
		3D0C1EAF2A83DE1F00AB3A48 /* Phrase.swift in Sources */ = {isa = PBXBuildFile; fileRef = 3D0C1EAE2A83DE1F00AB3A48 /* Phrase.swift */; };
		3D0C1EB12A83DE3000AB3A48 /* DecodedPhrase.swift in Sources */ = {isa = PBXBuildFile; fileRef = 3D0C1EB02A83DE3000AB3A48 /* DecodedPhrase.swift */; };
		3D0C1EC52A83E23C00AB3A48 /* SampleTest.swift in Sources */ = {isa = PBXBuildFile; fileRef = 3D0C1EB32A83E17D00AB3A48 /* SampleTest.swift */; };
		3D37968F2A8C1BE600913581 /* GuardianSetup.swift in Sources */ = {isa = PBXBuildFile; fileRef = 3D37968E2A8C1BE600913581 /* GuardianSetup.swift */; };
		3D3796922A8C225D00913581 /* Moya in Frameworks */ = {isa = PBXBuildFile; productRef = 3D3796912A8C225D00913581 /* Moya */; };
		3D3796952A8C228B00913581 /* API.swift in Sources */ = {isa = PBXBuildFile; fileRef = 3D3796942A8C228B00913581 /* API.swift */; };
		3D3796972A8C291A00913581 /* AsyncResult.swift in Sources */ = {isa = PBXBuildFile; fileRef = 3D3796962A8C291A00913581 /* AsyncResult.swift */; };
		3D3796992A8C2B9D00913581 /* RetryView.swift in Sources */ = {isa = PBXBuildFile; fileRef = 3D3796982A8C2B9D00913581 /* RetryView.swift */; };
		3D37969B2A8C3C4200913581 /* APIProvider.swift in Sources */ = {isa = PBXBuildFile; fileRef = 3D37969A2A8C3C4200913581 /* APIProvider.swift */; };
		3D37969D2A8D3F2600913581 /* UserCreation.swift in Sources */ = {isa = PBXBuildFile; fileRef = 3D37969C2A8D3F2600913581 /* UserCreation.swift */; };
		3D37969F2A8E692A00913581 /* EmailSetup.swift in Sources */ = {isa = PBXBuildFile; fileRef = 3D37969E2A8E692A00913581 /* EmailSetup.swift */; };
		3D3796A32A8ED8C300913581 /* Verification.swift in Sources */ = {isa = PBXBuildFile; fileRef = 3D3796A22A8ED8C300913581 /* Verification.swift */; };
		3D3796A52A8F255F00913581 /* Models.swift in Sources */ = {isa = PBXBuildFile; fileRef = 3D3796A42A8F255F00913581 /* Models.swift */; };
		3D3796A72A8FCDD200913581 /* PhoneSetup.swift in Sources */ = {isa = PBXBuildFile; fileRef = 3D3796A62A8FCDD200913581 /* PhoneSetup.swift */; };
		3D3796A92A954F2A00913581 /* UserSetup.swift in Sources */ = {isa = PBXBuildFile; fileRef = 3D3796A82A954F2A00913581 /* UserSetup.swift */; };
		3D3796AE2A96EC2000913581 /* Guardianship.swift in Sources */ = {isa = PBXBuildFile; fileRef = 3D3796AD2A96EC2000913581 /* Guardianship.swift */; };
		3D9817542AA15265003A4CD0 /* AuthPlugin.swift in Sources */ = {isa = PBXBuildFile; fileRef = 3D9817532AA15265003A4CD0 /* AuthPlugin.swift */; };
		3DD9C37E2A8BD68F00F1E497 /* raygun4apple in Frameworks */ = {isa = PBXBuildFile; productRef = 3DD9C37D2A8BD68F00F1E497 /* raygun4apple */; };
		3DD9C3802A8BD6A800F1E497 /* Configuration.swift in Sources */ = {isa = PBXBuildFile; fileRef = 3DD9C37F2A8BD6A800F1E497 /* Configuration.swift */; };
		6CB230CA2A9D1373009FAE91 /* Data+Hex.swift in Sources */ = {isa = PBXBuildFile; fileRef = 6CB230C92A9D1373009FAE91 /* Data+Hex.swift */; };
		6CC60F672AA128E3001A4454 /* SecretSharer.swift in Sources */ = {isa = PBXBuildFile; fileRef = 6CC60F662AA128E3001A4454 /* SecretSharer.swift */; };
		6CC60F692AA1292C001A4454 /* BigInt+Recovery.swift in Sources */ = {isa = PBXBuildFile; fileRef = 6CC60F682AA1292C001A4454 /* BigInt+Recovery.swift */; };
		6CC60F6D2AA12AF2001A4454 /* BigInt in Frameworks */ = {isa = PBXBuildFile; productRef = 6CC60F6C2AA12AF2001A4454 /* BigInt */; };
		6CC60F742AA12F21001A4454 /* raygun4apple in Frameworks */ = {isa = PBXBuildFile; productRef = 6CC60F732AA12F21001A4454 /* raygun4apple */; };
		6CC60F8A2AA134A4001A4454 /* SecretSharerTests.swift in Sources */ = {isa = PBXBuildFile; fileRef = 6CC60F892AA134A4001A4454 /* SecretSharerTests.swift */; };
		6CC60F8C2AA134F8001A4454 /* raygun4apple in Frameworks */ = {isa = PBXBuildFile; productRef = 6CC60F8B2AA134F8001A4454 /* raygun4apple */; };
		6CC60F8E2AA134FC001A4454 /* BigInt in Frameworks */ = {isa = PBXBuildFile; productRef = 6CC60F8D2AA134FC001A4454 /* BigInt */; };
/* End PBXBuildFile section */

/* Begin PBXContainerItemProxy section */
		3D0C1EC02A83E22200AB3A48 /* PBXContainerItemProxy */ = {
			isa = PBXContainerItemProxy;
			containerPortal = 3D0C1E6C2A83A79400AB3A48 /* Project object */;
			proxyType = 1;
			remoteGlobalIDString = 3D0C1E732A83A79400AB3A48;
			remoteInfo = Vault;
		};
		6CC60F802AA13466001A4454 /* PBXContainerItemProxy */ = {
			isa = PBXContainerItemProxy;
			containerPortal = 3D0C1E6C2A83A79400AB3A48 /* Project object */;
			proxyType = 1;
			remoteGlobalIDString = 3D0C1E732A83A79400AB3A48;
			remoteInfo = Vault;
		};
/* End PBXContainerItemProxy section */

/* Begin PBXFileReference section */
		3D0C1E742A83A79400AB3A48 /* Vault.app */ = {isa = PBXFileReference; explicitFileType = wrapper.application; includeInIndex = 0; path = Vault.app; sourceTree = BUILT_PRODUCTS_DIR; };
		3D0C1E772A83A79400AB3A48 /* VaultApp.swift */ = {isa = PBXFileReference; lastKnownFileType = sourcecode.swift; path = VaultApp.swift; sourceTree = "<group>"; };
		3D0C1E792A83A79400AB3A48 /* ContentView.swift */ = {isa = PBXFileReference; lastKnownFileType = sourcecode.swift; path = ContentView.swift; sourceTree = "<group>"; };
		3D0C1E7B2A83A79600AB3A48 /* Assets.xcassets */ = {isa = PBXFileReference; lastKnownFileType = folder.assetcatalog; path = Assets.xcassets; sourceTree = "<group>"; };
		3D0C1E7E2A83A79600AB3A48 /* Preview Assets.xcassets */ = {isa = PBXFileReference; lastKnownFileType = folder.assetcatalog; path = "Preview Assets.xcassets"; sourceTree = "<group>"; };
		3D0C1E852A83A87D00AB3A48 /* BiometryCheck.swift */ = {isa = PBXFileReference; lastKnownFileType = sourcecode.swift; path = BiometryCheck.swift; sourceTree = "<group>"; };
		3D0C1E872A83A89F00AB3A48 /* CensoTheme.swift */ = {isa = PBXFileReference; lastKnownFileType = sourcecode.swift; path = CensoTheme.swift; sourceTree = "<group>"; };
		3D0C1E892A83A8C400AB3A48 /* FilledButtonStyle.swift */ = {isa = PBXFileReference; lastKnownFileType = sourcecode.swift; path = FilledButtonStyle.swift; sourceTree = "<group>"; };
		3D0C1E8B2A83A9EB00AB3A48 /* DeviceKey.swift */ = {isa = PBXFileReference; lastKnownFileType = sourcecode.swift; path = DeviceKey.swift; sourceTree = "<group>"; };
		3D0C1E8D2A83AA0B00AB3A48 /* SecureEnclaveWrapper.swift */ = {isa = PBXFileReference; lastKnownFileType = sourcecode.swift; path = SecureEnclaveWrapper.swift; sourceTree = "<group>"; };
		3D0C1E8F2A83AA3D00AB3A48 /* SecureEnclaveKey.swift */ = {isa = PBXFileReference; lastKnownFileType = sourcecode.swift; path = SecureEnclaveKey.swift; sourceTree = "<group>"; };
		3D0C1E912A83AA5C00AB3A48 /* Keychain.swift */ = {isa = PBXFileReference; lastKnownFileType = sourcecode.swift; path = Keychain.swift; sourceTree = "<group>"; };
		3D0C1E932A83AD4100AB3A48 /* InvalidatedDeviceKeyView.swift */ = {isa = PBXFileReference; lastKnownFileType = sourcecode.swift; path = InvalidatedDeviceKeyView.swift; sourceTree = "<group>"; };
		3D0C1E952A83ADB300AB3A48 /* ActiveSessionView.swift */ = {isa = PBXFileReference; lastKnownFileType = sourcecode.swift; path = ActiveSessionView.swift; sourceTree = "<group>"; };
		3D0C1E972A83B0AF00AB3A48 /* BiometryFailed.swift */ = {isa = PBXFileReference; lastKnownFileType = sourcecode.swift; path = BiometryFailed.swift; sourceTree = "<group>"; };
		3D0C1E9C2A83B53900AB3A48 /* Theme.xcassets */ = {isa = PBXFileReference; lastKnownFileType = folder.assetcatalog; path = Theme.xcassets; sourceTree = "<group>"; };
		3D0C1E9E2A83B75E00AB3A48 /* PhraseList.swift */ = {isa = PBXFileReference; lastKnownFileType = sourcecode.swift; path = PhraseList.swift; sourceTree = "<group>"; };
		3D0C1EA02A83BA4F00AB3A48 /* Keychain+Storage.swift */ = {isa = PBXFileReference; lastKnownFileType = sourcecode.swift; path = "Keychain+Storage.swift"; sourceTree = "<group>"; };
		3D0C1EA22A83BBD900AB3A48 /* VaultStorage.swift */ = {isa = PBXFileReference; lastKnownFileType = sourcecode.swift; path = VaultStorage.swift; sourceTree = "<group>"; };
		3D0C1EA42A83BDB000AB3A48 /* NewPhrase.swift */ = {isa = PBXFileReference; lastKnownFileType = sourcecode.swift; path = NewPhrase.swift; sourceTree = "<group>"; };
		3D0C1EA92A83D3FD00AB3A48 /* PhraseView.swift */ = {isa = PBXFileReference; lastKnownFileType = sourcecode.swift; path = PhraseView.swift; sourceTree = "<group>"; };
		3D0C1EAC2A83DE1000AB3A48 /* Vault.swift */ = {isa = PBXFileReference; lastKnownFileType = sourcecode.swift; path = Vault.swift; sourceTree = "<group>"; };
		3D0C1EAE2A83DE1F00AB3A48 /* Phrase.swift */ = {isa = PBXFileReference; lastKnownFileType = sourcecode.swift; path = Phrase.swift; sourceTree = "<group>"; };
		3D0C1EB02A83DE3000AB3A48 /* DecodedPhrase.swift */ = {isa = PBXFileReference; lastKnownFileType = sourcecode.swift; path = DecodedPhrase.swift; sourceTree = "<group>"; };
		3D0C1EB32A83E17D00AB3A48 /* SampleTest.swift */ = {isa = PBXFileReference; lastKnownFileType = sourcecode.swift; path = SampleTest.swift; sourceTree = "<group>"; };
		3D0C1EBA2A83E22200AB3A48 /* VaultUITests.xctest */ = {isa = PBXFileReference; explicitFileType = wrapper.cfbundle; includeInIndex = 0; path = VaultUITests.xctest; sourceTree = BUILT_PRODUCTS_DIR; };
		3D37968E2A8C1BE600913581 /* GuardianSetup.swift */ = {isa = PBXFileReference; lastKnownFileType = sourcecode.swift; path = GuardianSetup.swift; sourceTree = "<group>"; };
		3D3796942A8C228B00913581 /* API.swift */ = {isa = PBXFileReference; lastKnownFileType = sourcecode.swift; path = API.swift; sourceTree = "<group>"; };
		3D3796962A8C291A00913581 /* AsyncResult.swift */ = {isa = PBXFileReference; lastKnownFileType = sourcecode.swift; path = AsyncResult.swift; sourceTree = "<group>"; };
		3D3796982A8C2B9D00913581 /* RetryView.swift */ = {isa = PBXFileReference; lastKnownFileType = sourcecode.swift; path = RetryView.swift; sourceTree = "<group>"; };
		3D37969A2A8C3C4200913581 /* APIProvider.swift */ = {isa = PBXFileReference; lastKnownFileType = sourcecode.swift; path = APIProvider.swift; sourceTree = "<group>"; };
		3D37969C2A8D3F2600913581 /* UserCreation.swift */ = {isa = PBXFileReference; lastKnownFileType = sourcecode.swift; path = UserCreation.swift; sourceTree = "<group>"; };
		3D37969E2A8E692A00913581 /* EmailSetup.swift */ = {isa = PBXFileReference; lastKnownFileType = sourcecode.swift; path = EmailSetup.swift; sourceTree = "<group>"; };
		3D3796A22A8ED8C300913581 /* Verification.swift */ = {isa = PBXFileReference; lastKnownFileType = sourcecode.swift; path = Verification.swift; sourceTree = "<group>"; };
		3D3796A42A8F255F00913581 /* Models.swift */ = {isa = PBXFileReference; lastKnownFileType = sourcecode.swift; path = Models.swift; sourceTree = "<group>"; };
		3D3796A62A8FCDD200913581 /* PhoneSetup.swift */ = {isa = PBXFileReference; lastKnownFileType = sourcecode.swift; path = PhoneSetup.swift; sourceTree = "<group>"; };
		3D3796A82A954F2A00913581 /* UserSetup.swift */ = {isa = PBXFileReference; lastKnownFileType = sourcecode.swift; path = UserSetup.swift; sourceTree = "<group>"; };
		3D3796AD2A96EC2000913581 /* Guardianship.swift */ = {isa = PBXFileReference; lastKnownFileType = sourcecode.swift; path = Guardianship.swift; sourceTree = "<group>"; };
		3D9817532AA15265003A4CD0 /* AuthPlugin.swift */ = {isa = PBXFileReference; lastKnownFileType = sourcecode.swift; path = AuthPlugin.swift; sourceTree = "<group>"; };
		3DD9C37F2A8BD6A800F1E497 /* Configuration.swift */ = {isa = PBXFileReference; lastKnownFileType = sourcecode.swift; path = Configuration.swift; sourceTree = "<group>"; };
		6CB230C92A9D1373009FAE91 /* Data+Hex.swift */ = {isa = PBXFileReference; lastKnownFileType = sourcecode.swift; path = "Data+Hex.swift"; sourceTree = "<group>"; };
		6CC60F5F2A9D31CA001A4454 /* VaultDebug (Integration).entitlements */ = {isa = PBXFileReference; lastKnownFileType = text.plist.entitlements; path = "VaultDebug (Integration).entitlements"; sourceTree = "<group>"; };
		6CC60F662AA128E3001A4454 /* SecretSharer.swift */ = {isa = PBXFileReference; lastKnownFileType = sourcecode.swift; path = SecretSharer.swift; sourceTree = "<group>"; };
		6CC60F682AA1292C001A4454 /* BigInt+Recovery.swift */ = {isa = PBXFileReference; lastKnownFileType = sourcecode.swift; path = "BigInt+Recovery.swift"; sourceTree = "<group>"; };
		6CC60F7C2AA13466001A4454 /* VaultTests.xctest */ = {isa = PBXFileReference; explicitFileType = wrapper.cfbundle; includeInIndex = 0; path = VaultTests.xctest; sourceTree = BUILT_PRODUCTS_DIR; };
		6CC60F892AA134A4001A4454 /* SecretSharerTests.swift */ = {isa = PBXFileReference; lastKnownFileType = sourcecode.swift; path = SecretSharerTests.swift; sourceTree = "<group>"; };
/* End PBXFileReference section */

/* Begin PBXFrameworksBuildPhase section */
		3D0C1E712A83A79400AB3A48 /* Frameworks */ = {
			isa = PBXFrameworksBuildPhase;
			buildActionMask = 2147483647;
			files = (
				3DD9C37E2A8BD68F00F1E497 /* raygun4apple in Frameworks */,
				3D0C1EA82A83C1DC00AB3A48 /* BIP39 in Frameworks */,
				3D3796922A8C225D00913581 /* Moya in Frameworks */,
				6CC60F6D2AA12AF2001A4454 /* BigInt in Frameworks */,
			);
			runOnlyForDeploymentPostprocessing = 0;
		};
		3D0C1EB72A83E22200AB3A48 /* Frameworks */ = {
			isa = PBXFrameworksBuildPhase;
			buildActionMask = 2147483647;
			files = (
				6CC60F742AA12F21001A4454 /* raygun4apple in Frameworks */,
			);
			runOnlyForDeploymentPostprocessing = 0;
		};
		6CC60F792AA13466001A4454 /* Frameworks */ = {
			isa = PBXFrameworksBuildPhase;
			buildActionMask = 2147483647;
			files = (
				6CC60F8C2AA134F8001A4454 /* raygun4apple in Frameworks */,
				6CC60F8E2AA134FC001A4454 /* BigInt in Frameworks */,
			);
			runOnlyForDeploymentPostprocessing = 0;
		};
/* End PBXFrameworksBuildPhase section */

/* Begin PBXGroup section */
		3D0C1E6B2A83A79400AB3A48 = {
			isa = PBXGroup;
			children = (
				3D0C1EB22A83DF5B00AB3A48 /* VaultUITests */,
				3D0C1E762A83A79400AB3A48 /* Vault */,
				6CC60F7D2AA13466001A4454 /* VaultTests */,
				3D0C1E752A83A79400AB3A48 /* Products */,
				6CC60F722AA12F21001A4454 /* Frameworks */,
			);
			sourceTree = "<group>";
		};
		3D0C1E752A83A79400AB3A48 /* Products */ = {
			isa = PBXGroup;
			children = (
				3D0C1E742A83A79400AB3A48 /* Vault.app */,
				3D0C1EBA2A83E22200AB3A48 /* VaultUITests.xctest */,
				6CC60F7C2AA13466001A4454 /* VaultTests.xctest */,
			);
			name = Products;
			sourceTree = "<group>";
		};
		3D0C1E762A83A79400AB3A48 /* Vault */ = {
			isa = PBXGroup;
			children = (
				6CC60F6A2AA12976001A4454 /* Recovery */,
				6CC60F5F2A9D31CA001A4454 /* VaultDebug (Integration).entitlements */,
				6CB230C82A9D1354009FAE91 /* Helpers */,
				3DD9C37F2A8BD6A800F1E497 /* Configuration.swift */,
				3D0C1E772A83A79400AB3A48 /* VaultApp.swift */,
				3D0C1E872A83A89F00AB3A48 /* CensoTheme.swift */,
				3D0C1E912A83AA5C00AB3A48 /* Keychain.swift */,
				3D0C1EA02A83BA4F00AB3A48 /* Keychain+Storage.swift */,
				3D0C1EA22A83BBD900AB3A48 /* VaultStorage.swift */,
				3D3796962A8C291A00913581 /* AsyncResult.swift */,
				3D0C1EAB2A83DE0800AB3A48 /* Models */,
				3D0C1E9A2A83B3EE00AB3A48 /* KeyManagement */,
				3D0C1E992A83B3CA00AB3A48 /* Views */,
				3D3796932A8C226D00913581 /* API */,
				3D0C1E7B2A83A79600AB3A48 /* Assets.xcassets */,
				3D0C1E9C2A83B53900AB3A48 /* Theme.xcassets */,
				3D0C1E7D2A83A79600AB3A48 /* Preview Content */,
			);
			path = Vault;
			sourceTree = "<group>";
		};
		3D0C1E7D2A83A79600AB3A48 /* Preview Content */ = {
			isa = PBXGroup;
			children = (
				3D0C1E7E2A83A79600AB3A48 /* Preview Assets.xcassets */,
			);
			path = "Preview Content";
			sourceTree = "<group>";
		};
		3D0C1E992A83B3CA00AB3A48 /* Views */ = {
			isa = PBXGroup;
			children = (
				3D0C1E9B2A83B40E00AB3A48 /* ButtonStyles */,
				3D0C1E792A83A79400AB3A48 /* ContentView.swift */,
				3D0C1E852A83A87D00AB3A48 /* BiometryCheck.swift */,
				3D0C1E932A83AD4100AB3A48 /* InvalidatedDeviceKeyView.swift */,
				3D0C1E952A83ADB300AB3A48 /* ActiveSessionView.swift */,
				3D0C1E972A83B0AF00AB3A48 /* BiometryFailed.swift */,
				3D0C1E9E2A83B75E00AB3A48 /* PhraseList.swift */,
				3D0C1EA42A83BDB000AB3A48 /* NewPhrase.swift */,
				3D0C1EA92A83D3FD00AB3A48 /* PhraseView.swift */,
				3D3796982A8C2B9D00913581 /* RetryView.swift */,
				3D3796AA2A956BD900913581 /* PolicySetup */,
			);
			path = Views;
			sourceTree = "<group>";
		};
		3D0C1E9A2A83B3EE00AB3A48 /* KeyManagement */ = {
			isa = PBXGroup;
			children = (
				3D0C1E8B2A83A9EB00AB3A48 /* DeviceKey.swift */,
				3D0C1E8D2A83AA0B00AB3A48 /* SecureEnclaveWrapper.swift */,
				3D0C1E8F2A83AA3D00AB3A48 /* SecureEnclaveKey.swift */,
			);
			path = KeyManagement;
			sourceTree = "<group>";
		};
		3D0C1E9B2A83B40E00AB3A48 /* ButtonStyles */ = {
			isa = PBXGroup;
			children = (
				3D0C1E892A83A8C400AB3A48 /* FilledButtonStyle.swift */,
			);
			path = ButtonStyles;
			sourceTree = "<group>";
		};
		3D0C1EAB2A83DE0800AB3A48 /* Models */ = {
			isa = PBXGroup;
			children = (
				3D0C1EAC2A83DE1000AB3A48 /* Vault.swift */,
				3D0C1EAE2A83DE1F00AB3A48 /* Phrase.swift */,
				3D0C1EB02A83DE3000AB3A48 /* DecodedPhrase.swift */,
				3D3796AD2A96EC2000913581 /* Guardianship.swift */,
			);
			path = Models;
			sourceTree = "<group>";
		};
		3D0C1EB22A83DF5B00AB3A48 /* VaultUITests */ = {
			isa = PBXGroup;
			children = (
				3D0C1EB32A83E17D00AB3A48 /* SampleTest.swift */,
			);
			path = VaultUITests;
			sourceTree = "<group>";
		};
		3D3796932A8C226D00913581 /* API */ = {
			isa = PBXGroup;
			children = (
				3D3796942A8C228B00913581 /* API.swift */,
				3D37969A2A8C3C4200913581 /* APIProvider.swift */,
				3D3796A42A8F255F00913581 /* Models.swift */,
				3D9817532AA15265003A4CD0 /* AuthPlugin.swift */,
			);
			path = API;
			sourceTree = "<group>";
		};
		3D3796AA2A956BD900913581 /* PolicySetup */ = {
			isa = PBXGroup;
			children = (
				3D37968E2A8C1BE600913581 /* GuardianSetup.swift */,
				3D3796A82A954F2A00913581 /* UserSetup.swift */,
				3D37969C2A8D3F2600913581 /* UserCreation.swift */,
				3D37969E2A8E692A00913581 /* EmailSetup.swift */,
				3D3796A22A8ED8C300913581 /* Verification.swift */,
				3D3796A62A8FCDD200913581 /* PhoneSetup.swift */,
			);
			path = PolicySetup;
			sourceTree = "<group>";
		};
		6CB230C82A9D1354009FAE91 /* Helpers */ = {
			isa = PBXGroup;
			children = (
				6CB230C92A9D1373009FAE91 /* Data+Hex.swift */,
			);
			path = Helpers;
			sourceTree = "<group>";
		};
		6CC60F6A2AA12976001A4454 /* Recovery */ = {
			isa = PBXGroup;
			children = (
				6CC60F662AA128E3001A4454 /* SecretSharer.swift */,
				6CC60F682AA1292C001A4454 /* BigInt+Recovery.swift */,
			);
			path = Recovery;
			sourceTree = "<group>";
		};
		6CC60F722AA12F21001A4454 /* Frameworks */ = {
			isa = PBXGroup;
			children = (
			);
			name = Frameworks;
			sourceTree = "<group>";
		};
		6CC60F7D2AA13466001A4454 /* VaultTests */ = {
			isa = PBXGroup;
			children = (
				6CC60F892AA134A4001A4454 /* SecretSharerTests.swift */,
			);
			path = VaultTests;
			sourceTree = "<group>";
		};
/* End PBXGroup section */

/* Begin PBXNativeTarget section */
		3D0C1E732A83A79400AB3A48 /* Vault */ = {
			isa = PBXNativeTarget;
			buildConfigurationList = 3D0C1E822A83A79600AB3A48 /* Build configuration list for PBXNativeTarget "Vault" */;
			buildPhases = (
				3D0C1E702A83A79400AB3A48 /* Sources */,
				3D0C1E712A83A79400AB3A48 /* Frameworks */,
				3D0C1E722A83A79400AB3A48 /* Resources */,
			);
			buildRules = (
			);
			dependencies = (
			);
			name = Vault;
			packageProductDependencies = (
				3D0C1EA72A83C1DC00AB3A48 /* BIP39 */,
				3DD9C37D2A8BD68F00F1E497 /* raygun4apple */,
				3D3796912A8C225D00913581 /* Moya */,
				6CC60F6C2AA12AF2001A4454 /* BigInt */,
			);
			productName = Vault;
			productReference = 3D0C1E742A83A79400AB3A48 /* Vault.app */;
			productType = "com.apple.product-type.application";
		};
		3D0C1EB92A83E22200AB3A48 /* VaultUITests */ = {
			isa = PBXNativeTarget;
			buildConfigurationList = 3D0C1EC22A83E22200AB3A48 /* Build configuration list for PBXNativeTarget "VaultUITests" */;
			buildPhases = (
				3D0C1EB62A83E22200AB3A48 /* Sources */,
				3D0C1EB72A83E22200AB3A48 /* Frameworks */,
				3D0C1EB82A83E22200AB3A48 /* Resources */,
			);
			buildRules = (
			);
			dependencies = (
				3D0C1EC12A83E22200AB3A48 /* PBXTargetDependency */,
			);
			name = VaultUITests;
			packageProductDependencies = (
				6CC60F732AA12F21001A4454 /* raygun4apple */,
			);
			productName = VaultUITests;
			productReference = 3D0C1EBA2A83E22200AB3A48 /* VaultUITests.xctest */;
			productType = "com.apple.product-type.bundle.ui-testing";
		};
		6CC60F7B2AA13466001A4454 /* VaultTests */ = {
			isa = PBXNativeTarget;
			buildConfigurationList = 6CC60F822AA13466001A4454 /* Build configuration list for PBXNativeTarget "VaultTests" */;
			buildPhases = (
				6CC60F782AA13466001A4454 /* Sources */,
				6CC60F792AA13466001A4454 /* Frameworks */,
				6CC60F7A2AA13466001A4454 /* Resources */,
			);
			buildRules = (
			);
			dependencies = (
				6CC60F812AA13466001A4454 /* PBXTargetDependency */,
			);
			name = VaultTests;
			packageProductDependencies = (
				6CC60F8B2AA134F8001A4454 /* raygun4apple */,
				6CC60F8D2AA134FC001A4454 /* BigInt */,
			);
			productName = VaultTests;
			productReference = 6CC60F7C2AA13466001A4454 /* VaultTests.xctest */;
			productType = "com.apple.product-type.bundle.unit-test";
		};
/* End PBXNativeTarget section */

/* Begin PBXProject section */
		3D0C1E6C2A83A79400AB3A48 /* Project object */ = {
			isa = PBXProject;
			attributes = {
				BuildIndependentTargetsInParallel = 1;
				LastSwiftUpdateCheck = 1430;
				LastUpgradeCheck = 1430;
				TargetAttributes = {
					3D0C1E732A83A79400AB3A48 = {
						CreatedOnToolsVersion = 14.3.1;
					};
					3D0C1EB92A83E22200AB3A48 = {
						CreatedOnToolsVersion = 14.3.1;
						TestTargetID = 3D0C1E732A83A79400AB3A48;
					};
					6CC60F7B2AA13466001A4454 = {
						CreatedOnToolsVersion = 14.3.1;
						TestTargetID = 3D0C1E732A83A79400AB3A48;
					};
				};
			};
			buildConfigurationList = 3D0C1E6F2A83A79400AB3A48 /* Build configuration list for PBXProject "Vault" */;
			compatibilityVersion = "Xcode 14.0";
			developmentRegion = en;
			hasScannedForEncodings = 0;
			knownRegions = (
				en,
				Base,
			);
			mainGroup = 3D0C1E6B2A83A79400AB3A48;
			packageReferences = (
				3D0C1EA62A83C1DC00AB3A48 /* XCRemoteSwiftPackageReference "BIP39" */,
				3DD9C37C2A8BD68F00F1E497 /* XCRemoteSwiftPackageReference "raygun4apple" */,
				3D3796902A8C225D00913581 /* XCRemoteSwiftPackageReference "Moya" */,
				6CC60F6B2AA12AF2001A4454 /* XCRemoteSwiftPackageReference "BigInt" */,
			);
			productRefGroup = 3D0C1E752A83A79400AB3A48 /* Products */;
			projectDirPath = "";
			projectRoot = "";
			targets = (
				3D0C1E732A83A79400AB3A48 /* Vault */,
				3D0C1EB92A83E22200AB3A48 /* VaultUITests */,
				6CC60F7B2AA13466001A4454 /* VaultTests */,
			);
		};
/* End PBXProject section */

/* Begin PBXResourcesBuildPhase section */
		3D0C1E722A83A79400AB3A48 /* Resources */ = {
			isa = PBXResourcesBuildPhase;
			buildActionMask = 2147483647;
			files = (
				3D0C1E9D2A83B53900AB3A48 /* Theme.xcassets in Resources */,
				3D0C1E7F2A83A79600AB3A48 /* Preview Assets.xcassets in Resources */,
				3D0C1E7C2A83A79600AB3A48 /* Assets.xcassets in Resources */,
			);
			runOnlyForDeploymentPostprocessing = 0;
		};
		3D0C1EB82A83E22200AB3A48 /* Resources */ = {
			isa = PBXResourcesBuildPhase;
			buildActionMask = 2147483647;
			files = (
			);
			runOnlyForDeploymentPostprocessing = 0;
		};
		6CC60F7A2AA13466001A4454 /* Resources */ = {
			isa = PBXResourcesBuildPhase;
			buildActionMask = 2147483647;
			files = (
			);
			runOnlyForDeploymentPostprocessing = 0;
		};
/* End PBXResourcesBuildPhase section */

/* Begin PBXSourcesBuildPhase section */
		3D0C1E702A83A79400AB3A48 /* Sources */ = {
			isa = PBXSourcesBuildPhase;
			buildActionMask = 2147483647;
			files = (
				3D37969D2A8D3F2600913581 /* UserCreation.swift in Sources */,
				3D3796972A8C291A00913581 /* AsyncResult.swift in Sources */,
				3D0C1E8E2A83AA0B00AB3A48 /* SecureEnclaveWrapper.swift in Sources */,
				3D0C1EA12A83BA4F00AB3A48 /* Keychain+Storage.swift in Sources */,
				3D3796A32A8ED8C300913581 /* Verification.swift in Sources */,
				3D3796992A8C2B9D00913581 /* RetryView.swift in Sources */,
				3D0C1E9F2A83B75E00AB3A48 /* PhraseList.swift in Sources */,
				6CC60F692AA1292C001A4454 /* BigInt+Recovery.swift in Sources */,
				3D0C1E862A83A87E00AB3A48 /* BiometryCheck.swift in Sources */,
				3D3796AE2A96EC2000913581 /* Guardianship.swift in Sources */,
				3D0C1E8A2A83A8C400AB3A48 /* FilledButtonStyle.swift in Sources */,
				3D3796A52A8F255F00913581 /* Models.swift in Sources */,
				3D0C1E982A83B0AF00AB3A48 /* BiometryFailed.swift in Sources */,
				3D0C1EAD2A83DE1000AB3A48 /* Vault.swift in Sources */,
				3D0C1E962A83ADB300AB3A48 /* ActiveSessionView.swift in Sources */,
				3D9817542AA15265003A4CD0 /* AuthPlugin.swift in Sources */,
				3D0C1EA52A83BDB000AB3A48 /* NewPhrase.swift in Sources */,
				3DD9C3802A8BD6A800F1E497 /* Configuration.swift in Sources */,
				3D0C1EAF2A83DE1F00AB3A48 /* Phrase.swift in Sources */,
				6CC60F672AA128E3001A4454 /* SecretSharer.swift in Sources */,
				3D37969F2A8E692A00913581 /* EmailSetup.swift in Sources */,
				3D3796A72A8FCDD200913581 /* PhoneSetup.swift in Sources */,
				3D0C1EAA2A83D3FD00AB3A48 /* PhraseView.swift in Sources */,
				3D0C1E7A2A83A79400AB3A48 /* ContentView.swift in Sources */,
				3D0C1E942A83AD4100AB3A48 /* InvalidatedDeviceKeyView.swift in Sources */,
				3D0C1EB12A83DE3000AB3A48 /* DecodedPhrase.swift in Sources */,
				3D37969B2A8C3C4200913581 /* APIProvider.swift in Sources */,
				3D3796952A8C228B00913581 /* API.swift in Sources */,
				6CB230CA2A9D1373009FAE91 /* Data+Hex.swift in Sources */,
				3D0C1E882A83A89F00AB3A48 /* CensoTheme.swift in Sources */,
				3D37968F2A8C1BE600913581 /* GuardianSetup.swift in Sources */,
				3D3796A92A954F2A00913581 /* UserSetup.swift in Sources */,
				3D0C1E922A83AA5C00AB3A48 /* Keychain.swift in Sources */,
				3D0C1E782A83A79400AB3A48 /* VaultApp.swift in Sources */,
				3D0C1EA32A83BBD900AB3A48 /* VaultStorage.swift in Sources */,
				3D0C1E8C2A83A9EB00AB3A48 /* DeviceKey.swift in Sources */,
				3D0C1E902A83AA3D00AB3A48 /* SecureEnclaveKey.swift in Sources */,
			);
			runOnlyForDeploymentPostprocessing = 0;
		};
		3D0C1EB62A83E22200AB3A48 /* Sources */ = {
			isa = PBXSourcesBuildPhase;
			buildActionMask = 2147483647;
			files = (
				3D0C1EC52A83E23C00AB3A48 /* SampleTest.swift in Sources */,
			);
			runOnlyForDeploymentPostprocessing = 0;
		};
		6CC60F782AA13466001A4454 /* Sources */ = {
			isa = PBXSourcesBuildPhase;
			buildActionMask = 2147483647;
			files = (
				6CC60F8A2AA134A4001A4454 /* SecretSharerTests.swift in Sources */,
			);
			runOnlyForDeploymentPostprocessing = 0;
		};
/* End PBXSourcesBuildPhase section */

/* Begin PBXTargetDependency section */
		3D0C1EC12A83E22200AB3A48 /* PBXTargetDependency */ = {
			isa = PBXTargetDependency;
			target = 3D0C1E732A83A79400AB3A48 /* Vault */;
			targetProxy = 3D0C1EC02A83E22200AB3A48 /* PBXContainerItemProxy */;
		};
		6CC60F812AA13466001A4454 /* PBXTargetDependency */ = {
			isa = PBXTargetDependency;
			target = 3D0C1E732A83A79400AB3A48 /* Vault */;
			targetProxy = 6CC60F802AA13466001A4454 /* PBXContainerItemProxy */;
		};
/* End PBXTargetDependency section */

/* Begin XCBuildConfiguration section */
		3D0C1E802A83A79600AB3A48 /* Debug */ = {
			isa = XCBuildConfiguration;
			buildSettings = {
				ALWAYS_SEARCH_USER_PATHS = NO;
				API_BASE_URL = "https://api.censo.co";
				CLANG_ANALYZER_NONNULL = YES;
				CLANG_ANALYZER_NUMBER_OBJECT_CONVERSION = YES_AGGRESSIVE;
				CLANG_CXX_LANGUAGE_STANDARD = "gnu++20";
				CLANG_ENABLE_MODULES = YES;
				CLANG_ENABLE_OBJC_ARC = YES;
				CLANG_ENABLE_OBJC_WEAK = YES;
				CLANG_WARN_BLOCK_CAPTURE_AUTORELEASING = YES;
				CLANG_WARN_BOOL_CONVERSION = YES;
				CLANG_WARN_COMMA = YES;
				CLANG_WARN_CONSTANT_CONVERSION = YES;
				CLANG_WARN_DEPRECATED_OBJC_IMPLEMENTATIONS = YES;
				CLANG_WARN_DIRECT_OBJC_ISA_USAGE = YES_ERROR;
				CLANG_WARN_DOCUMENTATION_COMMENTS = YES;
				CLANG_WARN_EMPTY_BODY = YES;
				CLANG_WARN_ENUM_CONVERSION = YES;
				CLANG_WARN_INFINITE_RECURSION = YES;
				CLANG_WARN_INT_CONVERSION = YES;
				CLANG_WARN_NON_LITERAL_NULL_CONVERSION = YES;
				CLANG_WARN_OBJC_IMPLICIT_RETAIN_SELF = YES;
				CLANG_WARN_OBJC_LITERAL_CONVERSION = YES;
				CLANG_WARN_OBJC_ROOT_CLASS = YES_ERROR;
				CLANG_WARN_QUOTED_INCLUDE_IN_FRAMEWORK_HEADER = YES;
				CLANG_WARN_RANGE_LOOP_ANALYSIS = YES;
				CLANG_WARN_STRICT_PROTOTYPES = YES;
				CLANG_WARN_SUSPICIOUS_MOVE = YES;
				CLANG_WARN_UNGUARDED_AVAILABILITY = YES_AGGRESSIVE;
				CLANG_WARN_UNREACHABLE_CODE = YES;
				CLANG_WARN__DUPLICATE_METHOD_MATCH = YES;
				COPY_PHASE_STRIP = NO;
				DEBUG_INFORMATION_FORMAT = dwarf;
				ENABLE_STRICT_OBJC_MSGSEND = YES;
				ENABLE_TESTABILITY = YES;
				GCC_C_LANGUAGE_STANDARD = gnu11;
				GCC_DYNAMIC_NO_PIC = NO;
				GCC_NO_COMMON_BLOCKS = YES;
				GCC_OPTIMIZATION_LEVEL = 0;
				GCC_PREPROCESSOR_DEFINITIONS = (
					"DEBUG=1",
					"$(inherited)",
				);
				GCC_WARN_64_TO_32_BIT_CONVERSION = YES;
				GCC_WARN_ABOUT_RETURN_TYPE = YES_ERROR;
				GCC_WARN_UNDECLARED_SELECTOR = YES;
				GCC_WARN_UNINITIALIZED_AUTOS = YES_AGGRESSIVE;
				GCC_WARN_UNUSED_FUNCTION = YES;
				GCC_WARN_UNUSED_VARIABLE = YES;
				IPHONEOS_DEPLOYMENT_TARGET = 16.4;
				MTL_ENABLE_DEBUG_INFO = INCLUDE_SOURCE;
				MTL_FAST_MATH = YES;
				ONLY_ACTIVE_ARCH = YES;
				RAYGUN_API_KEY = vuxX53AURVfZS87D1WPqeg;
				RAYGUN_ENABLED = no;
				SDKROOT = iphoneos;
				SWIFT_ACTIVE_COMPILATION_CONDITIONS = DEBUG;
				SWIFT_OPTIMIZATION_LEVEL = "-Onone";
			};
			name = Debug;
		};
		3D0C1E812A83A79600AB3A48 /* Release */ = {
			isa = XCBuildConfiguration;
			buildSettings = {
				ALWAYS_SEARCH_USER_PATHS = NO;
				API_BASE_URL = "https://api.censo.co";
				CLANG_ANALYZER_NONNULL = YES;
				CLANG_ANALYZER_NUMBER_OBJECT_CONVERSION = YES_AGGRESSIVE;
				CLANG_CXX_LANGUAGE_STANDARD = "gnu++20";
				CLANG_ENABLE_MODULES = YES;
				CLANG_ENABLE_OBJC_ARC = YES;
				CLANG_ENABLE_OBJC_WEAK = YES;
				CLANG_WARN_BLOCK_CAPTURE_AUTORELEASING = YES;
				CLANG_WARN_BOOL_CONVERSION = YES;
				CLANG_WARN_COMMA = YES;
				CLANG_WARN_CONSTANT_CONVERSION = YES;
				CLANG_WARN_DEPRECATED_OBJC_IMPLEMENTATIONS = YES;
				CLANG_WARN_DIRECT_OBJC_ISA_USAGE = YES_ERROR;
				CLANG_WARN_DOCUMENTATION_COMMENTS = YES;
				CLANG_WARN_EMPTY_BODY = YES;
				CLANG_WARN_ENUM_CONVERSION = YES;
				CLANG_WARN_INFINITE_RECURSION = YES;
				CLANG_WARN_INT_CONVERSION = YES;
				CLANG_WARN_NON_LITERAL_NULL_CONVERSION = YES;
				CLANG_WARN_OBJC_IMPLICIT_RETAIN_SELF = YES;
				CLANG_WARN_OBJC_LITERAL_CONVERSION = YES;
				CLANG_WARN_OBJC_ROOT_CLASS = YES_ERROR;
				CLANG_WARN_QUOTED_INCLUDE_IN_FRAMEWORK_HEADER = YES;
				CLANG_WARN_RANGE_LOOP_ANALYSIS = YES;
				CLANG_WARN_STRICT_PROTOTYPES = YES;
				CLANG_WARN_SUSPICIOUS_MOVE = YES;
				CLANG_WARN_UNGUARDED_AVAILABILITY = YES_AGGRESSIVE;
				CLANG_WARN_UNREACHABLE_CODE = YES;
				CLANG_WARN__DUPLICATE_METHOD_MATCH = YES;
				COPY_PHASE_STRIP = NO;
				DEBUG_INFORMATION_FORMAT = "dwarf-with-dsym";
				ENABLE_NS_ASSERTIONS = NO;
				ENABLE_STRICT_OBJC_MSGSEND = YES;
				GCC_C_LANGUAGE_STANDARD = gnu11;
				GCC_NO_COMMON_BLOCKS = YES;
				GCC_WARN_64_TO_32_BIT_CONVERSION = YES;
				GCC_WARN_ABOUT_RETURN_TYPE = YES_ERROR;
				GCC_WARN_UNDECLARED_SELECTOR = YES;
				GCC_WARN_UNINITIALIZED_AUTOS = YES_AGGRESSIVE;
				GCC_WARN_UNUSED_FUNCTION = YES;
				GCC_WARN_UNUSED_VARIABLE = YES;
				IPHONEOS_DEPLOYMENT_TARGET = 16.4;
				MTL_ENABLE_DEBUG_INFO = NO;
				MTL_FAST_MATH = YES;
				RAYGUN_API_KEY = vuxX53AURVfZS87D1WPqeg;
				RAYGUN_ENABLED = yes;
				SDKROOT = iphoneos;
				SWIFT_COMPILATION_MODE = wholemodule;
				SWIFT_OPTIMIZATION_LEVEL = "-O";
				VALIDATE_PRODUCT = YES;
			};
			name = Release;
		};
		3D0C1E832A83A79600AB3A48 /* Debug */ = {
			isa = XCBuildConfiguration;
			buildSettings = {
				ASSETCATALOG_COMPILER_APPICON_NAME = AppIcon;
				ASSETCATALOG_COMPILER_GLOBAL_ACCENT_COLOR_NAME = AccentColor;
				CODE_SIGN_STYLE = Automatic;
				CURRENT_PROJECT_VERSION = 1;
				DEVELOPMENT_ASSET_PATHS = "\"Vault/Preview Content\"";
				DEVELOPMENT_TEAM = VN5U64MGYX;
				ENABLE_PREVIEWS = YES;
				GENERATE_INFOPLIST_FILE = YES;
				INFOPLIST_FILE = Vault/Info.plist;
				INFOPLIST_KEY_NSFaceIDUsageDescription = "Censo uses Face ID to verify identity";
				INFOPLIST_KEY_UIApplicationSceneManifest_Generation = YES;
				INFOPLIST_KEY_UIApplicationSupportsIndirectInputEvents = YES;
				INFOPLIST_KEY_UILaunchScreen_Generation = YES;
				INFOPLIST_KEY_UISupportedInterfaceOrientations_iPad = "UIInterfaceOrientationPortrait UIInterfaceOrientationPortraitUpsideDown UIInterfaceOrientationLandscapeLeft UIInterfaceOrientationLandscapeRight";
				INFOPLIST_KEY_UISupportedInterfaceOrientations_iPhone = "UIInterfaceOrientationPortrait UIInterfaceOrientationLandscapeLeft UIInterfaceOrientationLandscapeRight";
				INFOPLIST_KEY_UIUserInterfaceStyle = Light;
				LD_RUNPATH_SEARCH_PATHS = (
					"$(inherited)",
					"@executable_path/Frameworks",
				);
				MARKETING_VERSION = 1.0;
				PRODUCT_BUNDLE_IDENTIFIER = co.censo.Vault;
				PRODUCT_NAME = "$(TARGET_NAME)";
				SWIFT_EMIT_LOC_STRINGS = YES;
				SWIFT_VERSION = 5.0;
				TARGETED_DEVICE_FAMILY = "1,2";
			};
			name = Debug;
		};
		3D0C1E842A83A79600AB3A48 /* Release */ = {
			isa = XCBuildConfiguration;
			buildSettings = {
				ASSETCATALOG_COMPILER_APPICON_NAME = AppIcon;
				ASSETCATALOG_COMPILER_GLOBAL_ACCENT_COLOR_NAME = AccentColor;
				CODE_SIGN_STYLE = Automatic;
				CURRENT_PROJECT_VERSION = 1;
				DEVELOPMENT_ASSET_PATHS = "\"Vault/Preview Content\"";
				DEVELOPMENT_TEAM = VN5U64MGYX;
				ENABLE_PREVIEWS = YES;
				GENERATE_INFOPLIST_FILE = YES;
				INFOPLIST_FILE = Vault/Info.plist;
				INFOPLIST_KEY_NSFaceIDUsageDescription = "Censo uses Face ID to verify identity";
				INFOPLIST_KEY_UIApplicationSceneManifest_Generation = YES;
				INFOPLIST_KEY_UIApplicationSupportsIndirectInputEvents = YES;
				INFOPLIST_KEY_UILaunchScreen_Generation = YES;
				INFOPLIST_KEY_UISupportedInterfaceOrientations_iPad = "UIInterfaceOrientationPortrait UIInterfaceOrientationPortraitUpsideDown UIInterfaceOrientationLandscapeLeft UIInterfaceOrientationLandscapeRight";
				INFOPLIST_KEY_UISupportedInterfaceOrientations_iPhone = "UIInterfaceOrientationPortrait UIInterfaceOrientationLandscapeLeft UIInterfaceOrientationLandscapeRight";
				INFOPLIST_KEY_UIUserInterfaceStyle = Light;
				LD_RUNPATH_SEARCH_PATHS = (
					"$(inherited)",
					"@executable_path/Frameworks",
				);
				MARKETING_VERSION = 1.0;
				PRODUCT_BUNDLE_IDENTIFIER = co.censo.Vault;
				PRODUCT_NAME = "$(TARGET_NAME)";
				SWIFT_EMIT_LOC_STRINGS = YES;
				SWIFT_VERSION = 5.0;
				TARGETED_DEVICE_FAMILY = "1,2";
			};
			name = Release;
		};
		3D0C1EC32A83E22200AB3A48 /* Debug */ = {
			isa = XCBuildConfiguration;
			buildSettings = {
				CODE_SIGN_STYLE = Automatic;
				CURRENT_PROJECT_VERSION = 1;
				DEVELOPMENT_TEAM = VN5U64MGYX;
				GENERATE_INFOPLIST_FILE = YES;
				MARKETING_VERSION = 1.0;
				PRODUCT_BUNDLE_IDENTIFIER = co.censo.VaultUITests;
				PRODUCT_NAME = "$(TARGET_NAME)";
				SWIFT_EMIT_LOC_STRINGS = NO;
				SWIFT_VERSION = 5.0;
				TARGETED_DEVICE_FAMILY = "1,2";
				TEST_TARGET_NAME = Vault;
			};
			name = Debug;
		};
		3D0C1EC42A83E22200AB3A48 /* Release */ = {
			isa = XCBuildConfiguration;
			buildSettings = {
				CODE_SIGN_STYLE = Automatic;
				CURRENT_PROJECT_VERSION = 1;
				DEVELOPMENT_TEAM = VN5U64MGYX;
				GENERATE_INFOPLIST_FILE = YES;
				MARKETING_VERSION = 1.0;
				PRODUCT_BUNDLE_IDENTIFIER = co.censo.VaultUITests;
				PRODUCT_NAME = "$(TARGET_NAME)";
				SWIFT_EMIT_LOC_STRINGS = NO;
				SWIFT_VERSION = 5.0;
				TARGETED_DEVICE_FAMILY = "1,2";
				TEST_TARGET_NAME = Vault;
			};
			name = Release;
		};
		3DD9C3702A8BCF1900F1E497 /* Debug (Integration) */ = {
			isa = XCBuildConfiguration;
			buildSettings = {
				ALWAYS_SEARCH_USER_PATHS = NO;
				API_BASE_URL = "https://integration.censo.dev";
				CLANG_ANALYZER_NONNULL = YES;
				CLANG_ANALYZER_NUMBER_OBJECT_CONVERSION = YES_AGGRESSIVE;
				CLANG_CXX_LANGUAGE_STANDARD = "gnu++20";
				CLANG_ENABLE_MODULES = YES;
				CLANG_ENABLE_OBJC_ARC = YES;
				CLANG_ENABLE_OBJC_WEAK = YES;
				CLANG_WARN_BLOCK_CAPTURE_AUTORELEASING = YES;
				CLANG_WARN_BOOL_CONVERSION = YES;
				CLANG_WARN_COMMA = YES;
				CLANG_WARN_CONSTANT_CONVERSION = YES;
				CLANG_WARN_DEPRECATED_OBJC_IMPLEMENTATIONS = YES;
				CLANG_WARN_DIRECT_OBJC_ISA_USAGE = YES_ERROR;
				CLANG_WARN_DOCUMENTATION_COMMENTS = YES;
				CLANG_WARN_EMPTY_BODY = YES;
				CLANG_WARN_ENUM_CONVERSION = YES;
				CLANG_WARN_INFINITE_RECURSION = YES;
				CLANG_WARN_INT_CONVERSION = YES;
				CLANG_WARN_NON_LITERAL_NULL_CONVERSION = YES;
				CLANG_WARN_OBJC_IMPLICIT_RETAIN_SELF = YES;
				CLANG_WARN_OBJC_LITERAL_CONVERSION = YES;
				CLANG_WARN_OBJC_ROOT_CLASS = YES_ERROR;
				CLANG_WARN_QUOTED_INCLUDE_IN_FRAMEWORK_HEADER = YES;
				CLANG_WARN_RANGE_LOOP_ANALYSIS = YES;
				CLANG_WARN_STRICT_PROTOTYPES = YES;
				CLANG_WARN_SUSPICIOUS_MOVE = YES;
				CLANG_WARN_UNGUARDED_AVAILABILITY = YES_AGGRESSIVE;
				CLANG_WARN_UNREACHABLE_CODE = YES;
				CLANG_WARN__DUPLICATE_METHOD_MATCH = YES;
				COPY_PHASE_STRIP = NO;
				DEBUG_INFORMATION_FORMAT = dwarf;
				ENABLE_STRICT_OBJC_MSGSEND = YES;
				ENABLE_TESTABILITY = YES;
				GCC_C_LANGUAGE_STANDARD = gnu11;
				GCC_DYNAMIC_NO_PIC = NO;
				GCC_NO_COMMON_BLOCKS = YES;
				GCC_OPTIMIZATION_LEVEL = 0;
				GCC_PREPROCESSOR_DEFINITIONS = (
					"DEBUG=1",
					"$(inherited)",
				);
				GCC_WARN_64_TO_32_BIT_CONVERSION = YES;
				GCC_WARN_ABOUT_RETURN_TYPE = YES_ERROR;
				GCC_WARN_UNDECLARED_SELECTOR = YES;
				GCC_WARN_UNINITIALIZED_AUTOS = YES_AGGRESSIVE;
				GCC_WARN_UNUSED_FUNCTION = YES;
				GCC_WARN_UNUSED_VARIABLE = YES;
				IPHONEOS_DEPLOYMENT_TARGET = 16.4;
				MTL_ENABLE_DEBUG_INFO = INCLUDE_SOURCE;
				MTL_FAST_MATH = YES;
				ONLY_ACTIVE_ARCH = YES;
				RAYGUN_API_KEY = L9T2bPaEjr3Lede3SNpFJw;
				RAYGUN_ENABLED = no;
				SDKROOT = iphoneos;
				SWIFT_ACTIVE_COMPILATION_CONDITIONS = DEBUG;
				SWIFT_OPTIMIZATION_LEVEL = "-Onone";
			};
			name = "Debug (Integration)";
		};
		3DD9C3712A8BCF1900F1E497 /* Debug (Integration) */ = {
			isa = XCBuildConfiguration;
			buildSettings = {
				ASSETCATALOG_COMPILER_APPICON_NAME = AppIcon;
				ASSETCATALOG_COMPILER_GLOBAL_ACCENT_COLOR_NAME = AccentColor;
				CODE_SIGN_ENTITLEMENTS = "Vault/VaultDebug (Integration).entitlements";
				CODE_SIGN_STYLE = Automatic;
				CURRENT_PROJECT_VERSION = 1;
				DEVELOPMENT_ASSET_PATHS = "\"Vault/Preview Content\"";
				DEVELOPMENT_TEAM = VN5U64MGYX;
				ENABLE_PREVIEWS = YES;
				EXECUTABLE_PREFIX = integration;
				GENERATE_INFOPLIST_FILE = YES;
				INFOPLIST_FILE = Vault/Info.plist;
				INFOPLIST_KEY_NSFaceIDUsageDescription = "Censo uses Face ID to verify identity";
				INFOPLIST_KEY_UIApplicationSceneManifest_Generation = YES;
				INFOPLIST_KEY_UIApplicationSupportsIndirectInputEvents = YES;
				INFOPLIST_KEY_UILaunchScreen_Generation = YES;
				INFOPLIST_KEY_UISupportedInterfaceOrientations_iPad = "UIInterfaceOrientationPortrait UIInterfaceOrientationPortraitUpsideDown UIInterfaceOrientationLandscapeLeft UIInterfaceOrientationLandscapeRight";
				INFOPLIST_KEY_UISupportedInterfaceOrientations_iPhone = "UIInterfaceOrientationPortrait UIInterfaceOrientationLandscapeLeft UIInterfaceOrientationLandscapeRight";
				INFOPLIST_KEY_UIUserInterfaceStyle = Light;
				LD_RUNPATH_SEARCH_PATHS = (
					"$(inherited)",
					"@executable_path/Frameworks",
				);
				MARKETING_VERSION = 1.0;
				PRODUCT_BUNDLE_IDENTIFIER = "co.censo.Vault-integration";
				PRODUCT_NAME = "$(TARGET_NAME)";
				SWIFT_EMIT_LOC_STRINGS = YES;
				SWIFT_VERSION = 5.0;
				TARGETED_DEVICE_FAMILY = "1,2";
			};
			name = "Debug (Integration)";
		};
		3DD9C3722A8BCF1900F1E497 /* Debug (Integration) */ = {
			isa = XCBuildConfiguration;
			buildSettings = {
				CODE_SIGN_STYLE = Automatic;
				CURRENT_PROJECT_VERSION = 1;
				DEVELOPMENT_TEAM = VN5U64MGYX;
				GENERATE_INFOPLIST_FILE = YES;
				MARKETING_VERSION = 1.0;
				PRODUCT_BUNDLE_IDENTIFIER = co.censo.VaultUITests;
				PRODUCT_NAME = "$(TARGET_NAME)";
				SWIFT_EMIT_LOC_STRINGS = NO;
				SWIFT_VERSION = 5.0;
				TARGETED_DEVICE_FAMILY = "1,2";
				TEST_TARGET_NAME = Vault;
			};
			name = "Debug (Integration)";
		};
		3DD9C3732A8BCF2400F1E497 /* Debug (Staging) */ = {
			isa = XCBuildConfiguration;
			buildSettings = {
				ALWAYS_SEARCH_USER_PATHS = NO;
				API_BASE_URL = "https://staging.censo.dev";
				CLANG_ANALYZER_NONNULL = YES;
				CLANG_ANALYZER_NUMBER_OBJECT_CONVERSION = YES_AGGRESSIVE;
				CLANG_CXX_LANGUAGE_STANDARD = "gnu++20";
				CLANG_ENABLE_MODULES = YES;
				CLANG_ENABLE_OBJC_ARC = YES;
				CLANG_ENABLE_OBJC_WEAK = YES;
				CLANG_WARN_BLOCK_CAPTURE_AUTORELEASING = YES;
				CLANG_WARN_BOOL_CONVERSION = YES;
				CLANG_WARN_COMMA = YES;
				CLANG_WARN_CONSTANT_CONVERSION = YES;
				CLANG_WARN_DEPRECATED_OBJC_IMPLEMENTATIONS = YES;
				CLANG_WARN_DIRECT_OBJC_ISA_USAGE = YES_ERROR;
				CLANG_WARN_DOCUMENTATION_COMMENTS = YES;
				CLANG_WARN_EMPTY_BODY = YES;
				CLANG_WARN_ENUM_CONVERSION = YES;
				CLANG_WARN_INFINITE_RECURSION = YES;
				CLANG_WARN_INT_CONVERSION = YES;
				CLANG_WARN_NON_LITERAL_NULL_CONVERSION = YES;
				CLANG_WARN_OBJC_IMPLICIT_RETAIN_SELF = YES;
				CLANG_WARN_OBJC_LITERAL_CONVERSION = YES;
				CLANG_WARN_OBJC_ROOT_CLASS = YES_ERROR;
				CLANG_WARN_QUOTED_INCLUDE_IN_FRAMEWORK_HEADER = YES;
				CLANG_WARN_RANGE_LOOP_ANALYSIS = YES;
				CLANG_WARN_STRICT_PROTOTYPES = YES;
				CLANG_WARN_SUSPICIOUS_MOVE = YES;
				CLANG_WARN_UNGUARDED_AVAILABILITY = YES_AGGRESSIVE;
				CLANG_WARN_UNREACHABLE_CODE = YES;
				CLANG_WARN__DUPLICATE_METHOD_MATCH = YES;
				COPY_PHASE_STRIP = NO;
				DEBUG_INFORMATION_FORMAT = dwarf;
				ENABLE_STRICT_OBJC_MSGSEND = YES;
				ENABLE_TESTABILITY = YES;
				GCC_C_LANGUAGE_STANDARD = gnu11;
				GCC_DYNAMIC_NO_PIC = NO;
				GCC_NO_COMMON_BLOCKS = YES;
				GCC_OPTIMIZATION_LEVEL = 0;
				GCC_PREPROCESSOR_DEFINITIONS = (
					"DEBUG=1",
					"$(inherited)",
				);
				GCC_WARN_64_TO_32_BIT_CONVERSION = YES;
				GCC_WARN_ABOUT_RETURN_TYPE = YES_ERROR;
				GCC_WARN_UNDECLARED_SELECTOR = YES;
				GCC_WARN_UNINITIALIZED_AUTOS = YES_AGGRESSIVE;
				GCC_WARN_UNUSED_FUNCTION = YES;
				GCC_WARN_UNUSED_VARIABLE = YES;
				IPHONEOS_DEPLOYMENT_TARGET = 16.4;
				MTL_ENABLE_DEBUG_INFO = INCLUDE_SOURCE;
				MTL_FAST_MATH = YES;
				ONLY_ACTIVE_ARCH = YES;
				RAYGUN_API_KEY = CtOnGQjIo1U8dELkoUf0iw;
				RAYGUN_ENABLED = no;
				SDKROOT = iphoneos;
				SWIFT_ACTIVE_COMPILATION_CONDITIONS = DEBUG;
				SWIFT_OPTIMIZATION_LEVEL = "-Onone";
			};
			name = "Debug (Staging)";
		};
		3DD9C3742A8BCF2400F1E497 /* Debug (Staging) */ = {
			isa = XCBuildConfiguration;
			buildSettings = {
				ASSETCATALOG_COMPILER_APPICON_NAME = AppIcon;
				ASSETCATALOG_COMPILER_GLOBAL_ACCENT_COLOR_NAME = AccentColor;
				CODE_SIGN_STYLE = Automatic;
				CURRENT_PROJECT_VERSION = 1;
				DEVELOPMENT_ASSET_PATHS = "\"Vault/Preview Content\"";
				DEVELOPMENT_TEAM = VN5U64MGYX;
				ENABLE_PREVIEWS = YES;
				EXECUTABLE_PREFIX = staging;
				GENERATE_INFOPLIST_FILE = YES;
				INFOPLIST_FILE = Vault/Info.plist;
				INFOPLIST_KEY_NSFaceIDUsageDescription = "Censo uses Face ID to verify identity";
				INFOPLIST_KEY_UIApplicationSceneManifest_Generation = YES;
				INFOPLIST_KEY_UIApplicationSupportsIndirectInputEvents = YES;
				INFOPLIST_KEY_UILaunchScreen_Generation = YES;
				INFOPLIST_KEY_UISupportedInterfaceOrientations_iPad = "UIInterfaceOrientationPortrait UIInterfaceOrientationPortraitUpsideDown UIInterfaceOrientationLandscapeLeft UIInterfaceOrientationLandscapeRight";
				INFOPLIST_KEY_UISupportedInterfaceOrientations_iPhone = "UIInterfaceOrientationPortrait UIInterfaceOrientationLandscapeLeft UIInterfaceOrientationLandscapeRight";
				INFOPLIST_KEY_UIUserInterfaceStyle = Light;
				LD_RUNPATH_SEARCH_PATHS = (
					"$(inherited)",
					"@executable_path/Frameworks",
				);
				MARKETING_VERSION = 1.0;
				PRODUCT_BUNDLE_IDENTIFIER = "co.censo.Vault-staging";
				PRODUCT_NAME = "$(TARGET_NAME)";
				SWIFT_EMIT_LOC_STRINGS = YES;
				SWIFT_VERSION = 5.0;
				TARGETED_DEVICE_FAMILY = "1,2";
			};
			name = "Debug (Staging)";
		};
		3DD9C3752A8BCF2400F1E497 /* Debug (Staging) */ = {
			isa = XCBuildConfiguration;
			buildSettings = {
				CODE_SIGN_STYLE = Automatic;
				CURRENT_PROJECT_VERSION = 1;
				DEVELOPMENT_TEAM = VN5U64MGYX;
				GENERATE_INFOPLIST_FILE = YES;
				MARKETING_VERSION = 1.0;
				PRODUCT_BUNDLE_IDENTIFIER = co.censo.VaultUITests;
				PRODUCT_NAME = "$(TARGET_NAME)";
				SWIFT_EMIT_LOC_STRINGS = NO;
				SWIFT_VERSION = 5.0;
				TARGETED_DEVICE_FAMILY = "1,2";
				TEST_TARGET_NAME = Vault;
			};
			name = "Debug (Staging)";
		};
		3DD9C3762A8BCF2B00F1E497 /* Release (Integration) */ = {
			isa = XCBuildConfiguration;
			buildSettings = {
				ALWAYS_SEARCH_USER_PATHS = NO;
				API_BASE_URL = "https://integration.censo.dev";
				CLANG_ANALYZER_NONNULL = YES;
				CLANG_ANALYZER_NUMBER_OBJECT_CONVERSION = YES_AGGRESSIVE;
				CLANG_CXX_LANGUAGE_STANDARD = "gnu++20";
				CLANG_ENABLE_MODULES = YES;
				CLANG_ENABLE_OBJC_ARC = YES;
				CLANG_ENABLE_OBJC_WEAK = YES;
				CLANG_WARN_BLOCK_CAPTURE_AUTORELEASING = YES;
				CLANG_WARN_BOOL_CONVERSION = YES;
				CLANG_WARN_COMMA = YES;
				CLANG_WARN_CONSTANT_CONVERSION = YES;
				CLANG_WARN_DEPRECATED_OBJC_IMPLEMENTATIONS = YES;
				CLANG_WARN_DIRECT_OBJC_ISA_USAGE = YES_ERROR;
				CLANG_WARN_DOCUMENTATION_COMMENTS = YES;
				CLANG_WARN_EMPTY_BODY = YES;
				CLANG_WARN_ENUM_CONVERSION = YES;
				CLANG_WARN_INFINITE_RECURSION = YES;
				CLANG_WARN_INT_CONVERSION = YES;
				CLANG_WARN_NON_LITERAL_NULL_CONVERSION = YES;
				CLANG_WARN_OBJC_IMPLICIT_RETAIN_SELF = YES;
				CLANG_WARN_OBJC_LITERAL_CONVERSION = YES;
				CLANG_WARN_OBJC_ROOT_CLASS = YES_ERROR;
				CLANG_WARN_QUOTED_INCLUDE_IN_FRAMEWORK_HEADER = YES;
				CLANG_WARN_RANGE_LOOP_ANALYSIS = YES;
				CLANG_WARN_STRICT_PROTOTYPES = YES;
				CLANG_WARN_SUSPICIOUS_MOVE = YES;
				CLANG_WARN_UNGUARDED_AVAILABILITY = YES_AGGRESSIVE;
				CLANG_WARN_UNREACHABLE_CODE = YES;
				CLANG_WARN__DUPLICATE_METHOD_MATCH = YES;
				COPY_PHASE_STRIP = NO;
				DEBUG_INFORMATION_FORMAT = "dwarf-with-dsym";
				ENABLE_NS_ASSERTIONS = NO;
				ENABLE_STRICT_OBJC_MSGSEND = YES;
				GCC_C_LANGUAGE_STANDARD = gnu11;
				GCC_NO_COMMON_BLOCKS = YES;
				GCC_WARN_64_TO_32_BIT_CONVERSION = YES;
				GCC_WARN_ABOUT_RETURN_TYPE = YES_ERROR;
				GCC_WARN_UNDECLARED_SELECTOR = YES;
				GCC_WARN_UNINITIALIZED_AUTOS = YES_AGGRESSIVE;
				GCC_WARN_UNUSED_FUNCTION = YES;
				GCC_WARN_UNUSED_VARIABLE = YES;
				IPHONEOS_DEPLOYMENT_TARGET = 16.4;
				MTL_ENABLE_DEBUG_INFO = NO;
				MTL_FAST_MATH = YES;
				RAYGUN_API_KEY = L9T2bPaEjr3Lede3SNpFJw;
				RAYGUN_ENABLED = yes;
				SDKROOT = iphoneos;
				SWIFT_COMPILATION_MODE = wholemodule;
				SWIFT_OPTIMIZATION_LEVEL = "-O";
				VALIDATE_PRODUCT = YES;
			};
			name = "Release (Integration)";
		};
		3DD9C3772A8BCF2B00F1E497 /* Release (Integration) */ = {
			isa = XCBuildConfiguration;
			buildSettings = {
				ASSETCATALOG_COMPILER_APPICON_NAME = AppIcon;
				ASSETCATALOG_COMPILER_GLOBAL_ACCENT_COLOR_NAME = AccentColor;
				CODE_SIGN_STYLE = Automatic;
				CURRENT_PROJECT_VERSION = 1;
				DEVELOPMENT_ASSET_PATHS = "\"Vault/Preview Content\"";
				DEVELOPMENT_TEAM = VN5U64MGYX;
				ENABLE_PREVIEWS = YES;
				EXECUTABLE_PREFIX = integration;
				GENERATE_INFOPLIST_FILE = YES;
				INFOPLIST_FILE = Vault/Info.plist;
				INFOPLIST_KEY_NSFaceIDUsageDescription = "Censo uses Face ID to verify identity";
				INFOPLIST_KEY_UIApplicationSceneManifest_Generation = YES;
				INFOPLIST_KEY_UIApplicationSupportsIndirectInputEvents = YES;
				INFOPLIST_KEY_UILaunchScreen_Generation = YES;
				INFOPLIST_KEY_UISupportedInterfaceOrientations_iPad = "UIInterfaceOrientationPortrait UIInterfaceOrientationPortraitUpsideDown UIInterfaceOrientationLandscapeLeft UIInterfaceOrientationLandscapeRight";
				INFOPLIST_KEY_UISupportedInterfaceOrientations_iPhone = "UIInterfaceOrientationPortrait UIInterfaceOrientationLandscapeLeft UIInterfaceOrientationLandscapeRight";
				INFOPLIST_KEY_UIUserInterfaceStyle = Light;
				LD_RUNPATH_SEARCH_PATHS = (
					"$(inherited)",
					"@executable_path/Frameworks",
				);
				MARKETING_VERSION = 1.0;
				PRODUCT_BUNDLE_IDENTIFIER = "co.censo.Vault-integration";
				PRODUCT_NAME = "$(TARGET_NAME)";
				SWIFT_EMIT_LOC_STRINGS = YES;
				SWIFT_VERSION = 5.0;
				TARGETED_DEVICE_FAMILY = "1,2";
			};
			name = "Release (Integration)";
		};
		3DD9C3782A8BCF2B00F1E497 /* Release (Integration) */ = {
			isa = XCBuildConfiguration;
			buildSettings = {
				CODE_SIGN_STYLE = Automatic;
				CURRENT_PROJECT_VERSION = 1;
				DEVELOPMENT_TEAM = VN5U64MGYX;
				GENERATE_INFOPLIST_FILE = YES;
				MARKETING_VERSION = 1.0;
				PRODUCT_BUNDLE_IDENTIFIER = co.censo.VaultUITests;
				PRODUCT_NAME = "$(TARGET_NAME)";
				SWIFT_EMIT_LOC_STRINGS = NO;
				SWIFT_VERSION = 5.0;
				TARGETED_DEVICE_FAMILY = "1,2";
				TEST_TARGET_NAME = Vault;
			};
			name = "Release (Integration)";
		};
		3DD9C3792A8BCF3200F1E497 /* Release (Staging) */ = {
			isa = XCBuildConfiguration;
			buildSettings = {
				ALWAYS_SEARCH_USER_PATHS = NO;
				API_BASE_URL = "https://staging.censo.dev";
				CLANG_ANALYZER_NONNULL = YES;
				CLANG_ANALYZER_NUMBER_OBJECT_CONVERSION = YES_AGGRESSIVE;
				CLANG_CXX_LANGUAGE_STANDARD = "gnu++20";
				CLANG_ENABLE_MODULES = YES;
				CLANG_ENABLE_OBJC_ARC = YES;
				CLANG_ENABLE_OBJC_WEAK = YES;
				CLANG_WARN_BLOCK_CAPTURE_AUTORELEASING = YES;
				CLANG_WARN_BOOL_CONVERSION = YES;
				CLANG_WARN_COMMA = YES;
				CLANG_WARN_CONSTANT_CONVERSION = YES;
				CLANG_WARN_DEPRECATED_OBJC_IMPLEMENTATIONS = YES;
				CLANG_WARN_DIRECT_OBJC_ISA_USAGE = YES_ERROR;
				CLANG_WARN_DOCUMENTATION_COMMENTS = YES;
				CLANG_WARN_EMPTY_BODY = YES;
				CLANG_WARN_ENUM_CONVERSION = YES;
				CLANG_WARN_INFINITE_RECURSION = YES;
				CLANG_WARN_INT_CONVERSION = YES;
				CLANG_WARN_NON_LITERAL_NULL_CONVERSION = YES;
				CLANG_WARN_OBJC_IMPLICIT_RETAIN_SELF = YES;
				CLANG_WARN_OBJC_LITERAL_CONVERSION = YES;
				CLANG_WARN_OBJC_ROOT_CLASS = YES_ERROR;
				CLANG_WARN_QUOTED_INCLUDE_IN_FRAMEWORK_HEADER = YES;
				CLANG_WARN_RANGE_LOOP_ANALYSIS = YES;
				CLANG_WARN_STRICT_PROTOTYPES = YES;
				CLANG_WARN_SUSPICIOUS_MOVE = YES;
				CLANG_WARN_UNGUARDED_AVAILABILITY = YES_AGGRESSIVE;
				CLANG_WARN_UNREACHABLE_CODE = YES;
				CLANG_WARN__DUPLICATE_METHOD_MATCH = YES;
				COPY_PHASE_STRIP = NO;
				DEBUG_INFORMATION_FORMAT = "dwarf-with-dsym";
				ENABLE_NS_ASSERTIONS = NO;
				ENABLE_STRICT_OBJC_MSGSEND = YES;
				GCC_C_LANGUAGE_STANDARD = gnu11;
				GCC_NO_COMMON_BLOCKS = YES;
				GCC_WARN_64_TO_32_BIT_CONVERSION = YES;
				GCC_WARN_ABOUT_RETURN_TYPE = YES_ERROR;
				GCC_WARN_UNDECLARED_SELECTOR = YES;
				GCC_WARN_UNINITIALIZED_AUTOS = YES_AGGRESSIVE;
				GCC_WARN_UNUSED_FUNCTION = YES;
				GCC_WARN_UNUSED_VARIABLE = YES;
				IPHONEOS_DEPLOYMENT_TARGET = 16.4;
				MTL_ENABLE_DEBUG_INFO = NO;
				MTL_FAST_MATH = YES;
				RAYGUN_API_KEY = CtOnGQjIo1U8dELkoUf0iw;
				RAYGUN_ENABLED = yes;
				SDKROOT = iphoneos;
				SWIFT_COMPILATION_MODE = wholemodule;
				SWIFT_OPTIMIZATION_LEVEL = "-O";
				VALIDATE_PRODUCT = YES;
			};
			name = "Release (Staging)";
		};
		3DD9C37A2A8BCF3200F1E497 /* Release (Staging) */ = {
			isa = XCBuildConfiguration;
			buildSettings = {
				ASSETCATALOG_COMPILER_APPICON_NAME = AppIcon;
				ASSETCATALOG_COMPILER_GLOBAL_ACCENT_COLOR_NAME = AccentColor;
				CODE_SIGN_STYLE = Automatic;
				CURRENT_PROJECT_VERSION = 1;
				DEVELOPMENT_ASSET_PATHS = "\"Vault/Preview Content\"";
				DEVELOPMENT_TEAM = VN5U64MGYX;
				ENABLE_PREVIEWS = YES;
				EXECUTABLE_PREFIX = staging;
				GENERATE_INFOPLIST_FILE = YES;
				INFOPLIST_FILE = Vault/Info.plist;
				INFOPLIST_KEY_NSFaceIDUsageDescription = "Censo uses Face ID to verify identity";
				INFOPLIST_KEY_UIApplicationSceneManifest_Generation = YES;
				INFOPLIST_KEY_UIApplicationSupportsIndirectInputEvents = YES;
				INFOPLIST_KEY_UILaunchScreen_Generation = YES;
				INFOPLIST_KEY_UISupportedInterfaceOrientations_iPad = "UIInterfaceOrientationPortrait UIInterfaceOrientationPortraitUpsideDown UIInterfaceOrientationLandscapeLeft UIInterfaceOrientationLandscapeRight";
				INFOPLIST_KEY_UISupportedInterfaceOrientations_iPhone = "UIInterfaceOrientationPortrait UIInterfaceOrientationLandscapeLeft UIInterfaceOrientationLandscapeRight";
				INFOPLIST_KEY_UIUserInterfaceStyle = Light;
				LD_RUNPATH_SEARCH_PATHS = (
					"$(inherited)",
					"@executable_path/Frameworks",
				);
				MARKETING_VERSION = 1.0;
				PRODUCT_BUNDLE_IDENTIFIER = "co.censo.Vault-staging";
				PRODUCT_NAME = "$(TARGET_NAME)";
				SWIFT_EMIT_LOC_STRINGS = YES;
				SWIFT_VERSION = 5.0;
				TARGETED_DEVICE_FAMILY = "1,2";
			};
			name = "Release (Staging)";
		};
		3DD9C37B2A8BCF3200F1E497 /* Release (Staging) */ = {
			isa = XCBuildConfiguration;
			buildSettings = {
				CODE_SIGN_STYLE = Automatic;
				CURRENT_PROJECT_VERSION = 1;
				DEVELOPMENT_TEAM = VN5U64MGYX;
				GENERATE_INFOPLIST_FILE = YES;
				MARKETING_VERSION = 1.0;
				PRODUCT_BUNDLE_IDENTIFIER = co.censo.VaultUITests;
				PRODUCT_NAME = "$(TARGET_NAME)";
				SWIFT_EMIT_LOC_STRINGS = NO;
				SWIFT_VERSION = 5.0;
				TARGETED_DEVICE_FAMILY = "1,2";
				TEST_TARGET_NAME = Vault;
			};
			name = "Release (Staging)";
		};
		6CC60F832AA13466001A4454 /* Debug */ = {
			isa = XCBuildConfiguration;
			buildSettings = {
				BUNDLE_LOADER = "$(TEST_HOST)";
				CODE_SIGN_STYLE = Automatic;
				CURRENT_PROJECT_VERSION = 1;
				GENERATE_INFOPLIST_FILE = YES;
				MARKETING_VERSION = 1.0;
				PRODUCT_BUNDLE_IDENTIFIER = co.censo.VaultTests;
				PRODUCT_NAME = "$(TARGET_NAME)";
				SWIFT_EMIT_LOC_STRINGS = NO;
				SWIFT_VERSION = 5.0;
				TARGETED_DEVICE_FAMILY = "1,2";
				TEST_HOST = "$(BUILT_PRODUCTS_DIR)/Vault.app/$(BUNDLE_EXECUTABLE_FOLDER_PATH)/Vault";
			};
			name = Debug;
		};
		6CC60F842AA13466001A4454 /* Debug (Staging) */ = {
			isa = XCBuildConfiguration;
			buildSettings = {
				BUNDLE_LOADER = "$(TEST_HOST)";
				CODE_SIGN_STYLE = Automatic;
				CURRENT_PROJECT_VERSION = 1;
				GENERATE_INFOPLIST_FILE = YES;
				MARKETING_VERSION = 1.0;
				PRODUCT_BUNDLE_IDENTIFIER = co.censo.VaultTests;
				PRODUCT_NAME = "$(TARGET_NAME)";
				SWIFT_EMIT_LOC_STRINGS = NO;
				SWIFT_VERSION = 5.0;
				TARGETED_DEVICE_FAMILY = "1,2";
				TEST_HOST = "$(BUILT_PRODUCTS_DIR)/Vault.app/$(BUNDLE_EXECUTABLE_FOLDER_PATH)/Vault";
			};
			name = "Debug (Staging)";
		};
		6CC60F852AA13466001A4454 /* Debug (Integration) */ = {
			isa = XCBuildConfiguration;
			buildSettings = {
				BUNDLE_LOADER = "$(TEST_HOST)";
				CODE_SIGN_STYLE = Automatic;
				CURRENT_PROJECT_VERSION = 1;
				GENERATE_INFOPLIST_FILE = YES;
				MARKETING_VERSION = 1.0;
				PRODUCT_BUNDLE_IDENTIFIER = co.censo.VaultTests;
				PRODUCT_NAME = "$(TARGET_NAME)";
				SWIFT_EMIT_LOC_STRINGS = NO;
				SWIFT_VERSION = 5.0;
				TARGETED_DEVICE_FAMILY = "1,2";
				TEST_HOST = "$(BUILT_PRODUCTS_DIR)/Vault.app/$(BUNDLE_EXECUTABLE_FOLDER_PATH)/Vault";
			};
			name = "Debug (Integration)";
		};
		6CC60F862AA13466001A4454 /* Release */ = {
			isa = XCBuildConfiguration;
			buildSettings = {
				BUNDLE_LOADER = "$(TEST_HOST)";
				CODE_SIGN_STYLE = Automatic;
				CURRENT_PROJECT_VERSION = 1;
				GENERATE_INFOPLIST_FILE = YES;
				MARKETING_VERSION = 1.0;
				PRODUCT_BUNDLE_IDENTIFIER = co.censo.VaultTests;
				PRODUCT_NAME = "$(TARGET_NAME)";
				SWIFT_EMIT_LOC_STRINGS = NO;
				SWIFT_VERSION = 5.0;
				TARGETED_DEVICE_FAMILY = "1,2";
				TEST_HOST = "$(BUILT_PRODUCTS_DIR)/Vault.app/$(BUNDLE_EXECUTABLE_FOLDER_PATH)/Vault";
			};
			name = Release;
		};
		6CC60F872AA13466001A4454 /* Release (Staging) */ = {
			isa = XCBuildConfiguration;
			buildSettings = {
				BUNDLE_LOADER = "$(TEST_HOST)";
				CODE_SIGN_STYLE = Automatic;
				CURRENT_PROJECT_VERSION = 1;
				GENERATE_INFOPLIST_FILE = YES;
				MARKETING_VERSION = 1.0;
				PRODUCT_BUNDLE_IDENTIFIER = co.censo.VaultTests;
				PRODUCT_NAME = "$(TARGET_NAME)";
				SWIFT_EMIT_LOC_STRINGS = NO;
				SWIFT_VERSION = 5.0;
				TARGETED_DEVICE_FAMILY = "1,2";
				TEST_HOST = "$(BUILT_PRODUCTS_DIR)/Vault.app/$(BUNDLE_EXECUTABLE_FOLDER_PATH)/Vault";
			};
			name = "Release (Staging)";
		};
		6CC60F882AA13466001A4454 /* Release (Integration) */ = {
			isa = XCBuildConfiguration;
			buildSettings = {
				BUNDLE_LOADER = "$(TEST_HOST)";
				CODE_SIGN_STYLE = Automatic;
				CURRENT_PROJECT_VERSION = 1;
				GENERATE_INFOPLIST_FILE = YES;
				MARKETING_VERSION = 1.0;
				PRODUCT_BUNDLE_IDENTIFIER = co.censo.VaultTests;
				PRODUCT_NAME = "$(TARGET_NAME)";
				SWIFT_EMIT_LOC_STRINGS = NO;
				SWIFT_VERSION = 5.0;
				TARGETED_DEVICE_FAMILY = "1,2";
				TEST_HOST = "$(BUILT_PRODUCTS_DIR)/Vault.app/$(BUNDLE_EXECUTABLE_FOLDER_PATH)/Vault";
			};
			name = "Release (Integration)";
		};
/* End XCBuildConfiguration section */

/* Begin XCConfigurationList section */
		3D0C1E6F2A83A79400AB3A48 /* Build configuration list for PBXProject "Vault" */ = {
			isa = XCConfigurationList;
			buildConfigurations = (
				3D0C1E802A83A79600AB3A48 /* Debug */,
				3DD9C3732A8BCF2400F1E497 /* Debug (Staging) */,
				3DD9C3702A8BCF1900F1E497 /* Debug (Integration) */,
				3D0C1E812A83A79600AB3A48 /* Release */,
				3DD9C3792A8BCF3200F1E497 /* Release (Staging) */,
				3DD9C3762A8BCF2B00F1E497 /* Release (Integration) */,
			);
			defaultConfigurationIsVisible = 0;
			defaultConfigurationName = Release;
		};
		3D0C1E822A83A79600AB3A48 /* Build configuration list for PBXNativeTarget "Vault" */ = {
			isa = XCConfigurationList;
			buildConfigurations = (
				3D0C1E832A83A79600AB3A48 /* Debug */,
				3DD9C3742A8BCF2400F1E497 /* Debug (Staging) */,
				3DD9C3712A8BCF1900F1E497 /* Debug (Integration) */,
				3D0C1E842A83A79600AB3A48 /* Release */,
				3DD9C37A2A8BCF3200F1E497 /* Release (Staging) */,
				3DD9C3772A8BCF2B00F1E497 /* Release (Integration) */,
			);
			defaultConfigurationIsVisible = 0;
			defaultConfigurationName = Release;
		};
		3D0C1EC22A83E22200AB3A48 /* Build configuration list for PBXNativeTarget "VaultUITests" */ = {
			isa = XCConfigurationList;
			buildConfigurations = (
				3D0C1EC32A83E22200AB3A48 /* Debug */,
				3DD9C3752A8BCF2400F1E497 /* Debug (Staging) */,
				3DD9C3722A8BCF1900F1E497 /* Debug (Integration) */,
				3D0C1EC42A83E22200AB3A48 /* Release */,
				3DD9C37B2A8BCF3200F1E497 /* Release (Staging) */,
				3DD9C3782A8BCF2B00F1E497 /* Release (Integration) */,
			);
			defaultConfigurationIsVisible = 0;
			defaultConfigurationName = Release;
		};
		6CC60F822AA13466001A4454 /* Build configuration list for PBXNativeTarget "VaultTests" */ = {
			isa = XCConfigurationList;
			buildConfigurations = (
				6CC60F832AA13466001A4454 /* Debug */,
				6CC60F842AA13466001A4454 /* Debug (Staging) */,
				6CC60F852AA13466001A4454 /* Debug (Integration) */,
				6CC60F862AA13466001A4454 /* Release */,
				6CC60F872AA13466001A4454 /* Release (Staging) */,
				6CC60F882AA13466001A4454 /* Release (Integration) */,
			);
			defaultConfigurationIsVisible = 0;
			defaultConfigurationName = Release;
		};
/* End XCConfigurationList section */

/* Begin XCRemoteSwiftPackageReference section */
		3D0C1EA62A83C1DC00AB3A48 /* XCRemoteSwiftPackageReference "BIP39" */ = {
			isa = XCRemoteSwiftPackageReference;
			repositoryURL = "https://github.com/pengpengliu/BIP39";
			requirement = {
				branch = master;
				kind = branch;
			};
		};
		3D3796902A8C225D00913581 /* XCRemoteSwiftPackageReference "Moya" */ = {
			isa = XCRemoteSwiftPackageReference;
			repositoryURL = "https://github.com/Moya/Moya";
			requirement = {
				kind = upToNextMajorVersion;
				minimumVersion = 15.0.0;
			};
		};
		3DD9C37C2A8BD68F00F1E497 /* XCRemoteSwiftPackageReference "raygun4apple" */ = {
			isa = XCRemoteSwiftPackageReference;
			repositoryURL = "https://github.com/MindscapeHQ/raygun4apple.git";
			requirement = {
				kind = upToNextMajorVersion;
				minimumVersion = 2.0.0;
			};
		};
		6CC60F6B2AA12AF2001A4454 /* XCRemoteSwiftPackageReference "BigInt" */ = {
			isa = XCRemoteSwiftPackageReference;
			repositoryURL = "https://github.com/attaswift/BigInt.git";
			requirement = {
				kind = upToNextMajorVersion;
				minimumVersion = 5.0.0;
			};
		};
/* End XCRemoteSwiftPackageReference section */

/* Begin XCSwiftPackageProductDependency section */
		3D0C1EA72A83C1DC00AB3A48 /* BIP39 */ = {
			isa = XCSwiftPackageProductDependency;
			package = 3D0C1EA62A83C1DC00AB3A48 /* XCRemoteSwiftPackageReference "BIP39" */;
			productName = BIP39;
		};
		3D3796912A8C225D00913581 /* Moya */ = {
			isa = XCSwiftPackageProductDependency;
			package = 3D3796902A8C225D00913581 /* XCRemoteSwiftPackageReference "Moya" */;
			productName = Moya;
		};
		3DD9C37D2A8BD68F00F1E497 /* raygun4apple */ = {
			isa = XCSwiftPackageProductDependency;
			package = 3DD9C37C2A8BD68F00F1E497 /* XCRemoteSwiftPackageReference "raygun4apple" */;
			productName = raygun4apple;
		};
		6CC60F6C2AA12AF2001A4454 /* BigInt */ = {
			isa = XCSwiftPackageProductDependency;
			package = 6CC60F6B2AA12AF2001A4454 /* XCRemoteSwiftPackageReference "BigInt" */;
			productName = BigInt;
		};
		6CC60F732AA12F21001A4454 /* raygun4apple */ = {
			isa = XCSwiftPackageProductDependency;
			package = 3DD9C37C2A8BD68F00F1E497 /* XCRemoteSwiftPackageReference "raygun4apple" */;
			productName = raygun4apple;
		};
		6CC60F8B2AA134F8001A4454 /* raygun4apple */ = {
			isa = XCSwiftPackageProductDependency;
			package = 3DD9C37C2A8BD68F00F1E497 /* XCRemoteSwiftPackageReference "raygun4apple" */;
			productName = raygun4apple;
		};
		6CC60F8D2AA134FC001A4454 /* BigInt */ = {
			isa = XCSwiftPackageProductDependency;
			package = 6CC60F6B2AA12AF2001A4454 /* XCRemoteSwiftPackageReference "BigInt" */;
			productName = BigInt;
		};
/* End XCSwiftPackageProductDependency section */
	};
	rootObject = 3D0C1E6C2A83A79400AB3A48 /* Project object */;
}
